
Microsoft Visual Studio Solution File, Format Version 12.00
# Visual Studio Version 16
VisualStudioVersion = 16.0.30717.126
MinimumVisualStudioVersion = 10.0.40219.1
Project("{FAE04EC0-301F-11D3-BF4B-00C04F79EFBC}") = "pipeline", "pipeline\pipeline.csproj", "{DFEB9724-FD65-4012-AF87-A50FFA6DB20C}"
EndProject
Global
	GlobalSection(SolutionConfigurationPlatforms) = preSolution
		Debug|Any CPU = Debug|Any CPU
		Release|Any CPU = Release|Any CPU
	EndGlobalSection
	GlobalSection(ProjectConfigurationPlatforms) = postSolution
		{DFEB9724-FD65-4012-AF87-A50FFA6DB20C}.Debug|Any CPU.ActiveCfg = Debug|Any CPU
		{DFEB9724-FD65-4012-AF87-A50FFA6DB20C}.Debug|Any CPU.Build.0 = Debug|Any CPU
		{DFEB9724-FD65-4012-AF87-A50FFA6DB20C}.Release|Any CPU.ActiveCfg = Release|Any CPU
		{DFEB9724-FD65-4012-AF87-A50FFA6DB20C}.Release|Any CPU.Build.0 = Release|Any CPU
	EndGlobalSection
	GlobalSection(SolutionProperties) = preSolution
		HideSolutionNode = FALSE
	EndGlobalSection
	GlobalSection(ExtensibilityGlobals) = postSolution
		SolutionGuid = {E667AB2D-C64F-493C-88AB-9D49020A05C0}
	EndGlobalSection
EndGlobal
